
Microsoft Visual Studio Solution File, Format Version 11.00
# Visual C# Express 2010
Project("{FAE04EC0-301F-11D3-BF4B-00C04F79EFBC}") = "PuppetMaster", "PuppetMaster\PuppetMaster.csproj", "{632C9386-A3A8-4E8D-A090-F5FA6F2E1912}"
EndProject
Project("{FAE04EC0-301F-11D3-BF4B-00C04F79EFBC}") = "Client", "Client\Client.csproj", "{D6AAE5DE-4C6D-4078-ACF3-3E10D91035F2}"
EndProject
Project("{FAE04EC0-301F-11D3-BF4B-00C04F79EFBC}") = "Server", "Server\Server.csproj", "{01381B62-B524-44C4-B37C-2578B53D575C}"
EndProject
Global
	GlobalSection(SolutionConfigurationPlatforms) = preSolution
		Debug|x86 = Debug|x86
		Release|x86 = Release|x86
	EndGlobalSection
	GlobalSection(ProjectConfigurationPlatforms) = postSolution
		{632C9386-A3A8-4E8D-A090-F5FA6F2E1912}.Debug|x86.ActiveCfg = Debug|x86
		{632C9386-A3A8-4E8D-A090-F5FA6F2E1912}.Debug|x86.Build.0 = Debug|x86
		{632C9386-A3A8-4E8D-A090-F5FA6F2E1912}.Release|x86.ActiveCfg = Release|x86
		{632C9386-A3A8-4E8D-A090-F5FA6F2E1912}.Release|x86.Build.0 = Release|x86
		{D6AAE5DE-4C6D-4078-ACF3-3E10D91035F2}.Debug|x86.ActiveCfg = Debug|x86
		{D6AAE5DE-4C6D-4078-ACF3-3E10D91035F2}.Debug|x86.Build.0 = Debug|x86
		{D6AAE5DE-4C6D-4078-ACF3-3E10D91035F2}.Release|x86.ActiveCfg = Release|x86
		{D6AAE5DE-4C6D-4078-ACF3-3E10D91035F2}.Release|x86.Build.0 = Release|x86
		{01381B62-B524-44C4-B37C-2578B53D575C}.Debug|x86.ActiveCfg = Debug|x86
		{01381B62-B524-44C4-B37C-2578B53D575C}.Debug|x86.Build.0 = Debug|x86
		{01381B62-B524-44C4-B37C-2578B53D575C}.Release|x86.ActiveCfg = Release|x86
		{01381B62-B524-44C4-B37C-2578B53D575C}.Release|x86.Build.0 = Release|x86
	EndGlobalSection
	GlobalSection(SolutionProperties) = preSolution
		HideSolutionNode = FALSE
	EndGlobalSection
EndGlobal
